
Microsoft Visual Studio Solution File, Format Version 12.00
# Visual Studio Version 16
VisualStudioVersion = 16.0.28803.202
MinimumVisualStudioVersion = 10.0.40219.1
Project("{FAE04EC0-301F-11D3-BF4B-00C04F79EFBC}") = "RMS", "RMS\RMS.csproj", "{C989337A-D7A5-4959-8757-5032986A28D7}"
EndProject
Global
	GlobalSection(SolutionConfigurationPlatforms) = preSolution
		Debug|Any CPU = Debug|Any CPU
		Release|Any CPU = Release|Any CPU
	EndGlobalSection
	GlobalSection(ProjectConfigurationPlatforms) = postSolution
		{C989337A-D7A5-4959-8757-5032986A28D7}.Debug|Any CPU.ActiveCfg = Debug|Any CPU
		{C989337A-D7A5-4959-8757-5032986A28D7}.Debug|Any CPU.Build.0 = Debug|Any CPU
		{C989337A-D7A5-4959-8757-5032986A28D7}.Release|Any CPU.ActiveCfg = Release|Any CPU
		{C989337A-D7A5-4959-8757-5032986A28D7}.Release|Any CPU.Build.0 = Release|Any CPU
	EndGlobalSection
	GlobalSection(SolutionProperties) = preSolution
		HideSolutionNode = FALSE
	EndGlobalSection
	GlobalSection(ExtensibilityGlobals) = postSolution
		SolutionGuid = {5BA97AAB-D7F8-4276-B91F-1D5592123175}
	EndGlobalSection
EndGlobal
